
Microsoft Visual Studio Solution File, Format Version 12.00
# Visual Studio 14
VisualStudioVersion = 14.0.24720.0
MinimumVisualStudioVersion = 10.0.40219.1
Project("{FAE04EC0-301F-11D3-BF4B-00C04F79EFBC}") = "MediaSearch", "MediaSearch\MediaSearch.csproj", "{B8FD4923-8233-4172-A07F-525C1585ED5B}"
EndProject
Project("{FAE04EC0-301F-11D3-BF4B-00C04F79EFBC}") = "IndexWebJob", "IndexWebJob\IndexWebJob.csproj", "{5A39508B-165E-438C-B03F-135286F50E25}"
EndProject
Project("{FAE04EC0-301F-11D3-BF4B-00C04F79EFBC}") = "MediaSearch.Model", "MediaSearch.Model\MediaSearch.Model.csproj", "{55F5D2C2-BBB4-4D48-B9C7-3BAA7DBA8542}"
EndProject
Global
	GlobalSection(SolutionConfigurationPlatforms) = preSolution
		Debug|Any CPU = Debug|Any CPU
		Release|Any CPU = Release|Any CPU
	EndGlobalSection
	GlobalSection(ProjectConfigurationPlatforms) = postSolution
		{B8FD4923-8233-4172-A07F-525C1585ED5B}.Debug|Any CPU.ActiveCfg = Debug|Any CPU
		{B8FD4923-8233-4172-A07F-525C1585ED5B}.Debug|Any CPU.Build.0 = Debug|Any CPU
		{B8FD4923-8233-4172-A07F-525C1585ED5B}.Release|Any CPU.ActiveCfg = Release|Any CPU
		{B8FD4923-8233-4172-A07F-525C1585ED5B}.Release|Any CPU.Build.0 = Release|Any CPU
		{5A39508B-165E-438C-B03F-135286F50E25}.Debug|Any CPU.ActiveCfg = Debug|Any CPU
		{5A39508B-165E-438C-B03F-135286F50E25}.Debug|Any CPU.Build.0 = Debug|Any CPU
		{5A39508B-165E-438C-B03F-135286F50E25}.Release|Any CPU.ActiveCfg = Release|Any CPU
		{5A39508B-165E-438C-B03F-135286F50E25}.Release|Any CPU.Build.0 = Release|Any CPU
		{55F5D2C2-BBB4-4D48-B9C7-3BAA7DBA8542}.Debug|Any CPU.ActiveCfg = Debug|Any CPU
		{55F5D2C2-BBB4-4D48-B9C7-3BAA7DBA8542}.Debug|Any CPU.Build.0 = Debug|Any CPU
		{55F5D2C2-BBB4-4D48-B9C7-3BAA7DBA8542}.Release|Any CPU.ActiveCfg = Release|Any CPU
		{55F5D2C2-BBB4-4D48-B9C7-3BAA7DBA8542}.Release|Any CPU.Build.0 = Release|Any CPU
	EndGlobalSection
	GlobalSection(SolutionProperties) = preSolution
		HideSolutionNode = FALSE
	EndGlobalSection
	GlobalSection(ExtensibilityGlobals) = postSolution
		EnterpriseLibraryConfigurationToolBinariesPath = packages\TransientFaultHandling.Core.5.1.1209.1\lib\NET4
	EndGlobalSection
	GlobalSection(TeamFoundationVersionControl) = preSolution
		SccNumberOfProjects = 4
		SccEnterpriseProvider = {4CA58AB2-18FA-4F8D-95D4-32DDF27D184C}
		SccTeamFoundationServer = https://gis.visualstudio.com/defaultcollection
		SccLocalPath0 = .
		SccProjectUniqueName1 = IndexWebJob\\IndexWebJob.csproj
		SccProjectName1 = IndexWebJob
		SccLocalPath1 = IndexWebJob
		SccProjectUniqueName2 = MediaSearch\\MediaSearch.csproj
		SccProjectName2 = MediaSearch
		SccLocalPath2 = MediaSearch
		SccProjectUniqueName3 = MediaSearch.Model\\MediaSearch.Model.csproj
		SccProjectName3 = MediaSearch.Model
		SccLocalPath3 = MediaSearch.Model
	EndGlobalSection
EndGlobal
